{
  "nodes": {
    "config-parts": {
      "locked": {
        "lastModified": 1775341510,
        "narHash": "sha256-SFzVK3SJAD3Y9unpOohG4vYjB0+MuG6Crl53Q+9V/Nc=",
        "path": "/home/ben/Desktop/config-parts",
        "type": "path"
      },
      "original": {
        "path": "/home/ben/Desktop/config-parts",
        "type": "path"
      }
    },
    "flake-parts": {
      "inputs": {
        "nixpkgs-lib": "nixpkgs-lib"
      },
      "locked": {
        "lastModified": 1775087534,
        "narHash": "sha256-91qqW8lhL7TLwgQWijoGBbiD4t7/q75KTi8NxjVmSmA=",
        "owner": "hercules-ci",
        "repo": "flake-parts",
        "rev": "3107b77cd68437b9a76194f0f7f9c55f2329ca5b",
        "type": "github"
      },
      "original": {
        "owner": "hercules-ci",
        "repo": "flake-parts",
        "type": "github"
      }
    },
    "home-manager": {
      "inputs": {
        "nixpkgs": [
          "nixpkgs"
        ]
      },
      "locked": {
        "lastModified": 1775077333,
        "narHash": "sha256-OXcxobt7lBkh1B8AjwreU+24myhtKpqeLfAeIyNLFY8=",
        "owner": "nix-community",
        "repo": "home-manager",
        "rev": "49ca96b2714c5931e17401eff87f3edd42d2b0f2",
        "type": "github"
      },
      "original": {
        "owner": "nix-community",
        "ref": "release-25.11",
        "repo": "home-manager",
        "type": "github"
      }
    },
    "nixpkgs": {
      "locked": {
        "lastModified": 1775336689,
        "narHash": "sha256-KGXclmU+Aj0rxLP8TFK5S8XpwRV++MTakiS8fQVaAz0=",
        "owner": "NixOS",
        "repo": "nixpkgs",
        "rev": "afe338805731839371b04065f9957bbadb98d7c2",
        "type": "github"
      },
      "original": {
        "id": "nixpkgs",
        "ref": "release-25.11",
        "type": "indirect"
      }
    },
    "nixpkgs-lib": {
      "locked": {
        "lastModified": 1774748309,
        "narHash": "sha256-+U7gF3qxzwD5TZuANzZPeJTZRHS29OFQgkQ2kiTJBIQ=",
        "owner": "nix-community",
        "repo": "nixpkgs.lib",
        "rev": "333c4e0545a6da976206c74db8773a1645b5870a",
        "type": "github"
      },
      "original": {
        "owner": "nix-community",
        "repo": "nixpkgs.lib",
        "type": "github"
      }
    },
    "nixpkgs-unstable": {
      "locked": {
        "lastModified": 1775126147,
        "narHash": "sha256-J0dZU4atgcfo4QvM9D92uQ0Oe1eLTxBVXjJzdEMQpD0=",
        "owner": "NixOS",
        "repo": "nixpkgs",
        "rev": "8d8c1fa5b412c223ffa47410867813290cdedfef",
        "type": "github"
      },
      "original": {
        "id": "nixpkgs",
        "ref": "nixpkgs-unstable",
        "type": "indirect"
      }
    },
    "root": {
      "inputs": {
        "config-parts": "config-parts",
        "flake-parts": "flake-parts",
        "home-manager": "home-manager",
        "nixpkgs": "nixpkgs",
        "nixpkgs-unstable": "nixpkgs-unstable"
      }
    }
  },
  "root": "root",
  "version": 7
}
